
Microsoft Visual Studio Solution File, Format Version 12.00
# Visual Studio Version 17
VisualStudioVersion = 17.8.34330.188
MinimumVisualStudioVersion = 10.0.40219.1
Project("{FAE04EC0-301F-11D3-BF4B-00C04F79EFBC}") = "WebApp", "WebApp\WebApp.csproj", "{8313BD51-CC1C-4D6D-A14E-22B9AF591A4B}"
EndProject
Global
	GlobalSection(SolutionConfigurationPlatforms) = preSolution
		Debug|Any CPU = Debug|Any CPU
		Release|Any CPU = Release|Any CPU
	EndGlobalSection
	GlobalSection(ProjectConfigurationPlatforms) = postSolution
		{8313BD51-CC1C-4D6D-A14E-22B9AF591A4B}.Debug|Any CPU.ActiveCfg = Debug|Any CPU
		{8313BD51-CC1C-4D6D-A14E-22B9AF591A4B}.Debug|Any CPU.Build.0 = Debug|Any CPU
		{8313BD51-CC1C-4D6D-A14E-22B9AF591A4B}.Release|Any CPU.ActiveCfg = Release|Any CPU
		{8313BD51-CC1C-4D6D-A14E-22B9AF591A4B}.Release|Any CPU.Build.0 = Release|Any CPU
	EndGlobalSection
	GlobalSection(SolutionProperties) = preSolution
		HideSolutionNode = FALSE
	EndGlobalSection
	GlobalSection(ExtensibilityGlobals) = postSolution
		SolutionGuid = {93B0B029-4E5E-4445-AF6D-18376CB6C9A9}
	EndGlobalSection
EndGlobal
